
Microsoft Visual Studio Solution File, Format Version 12.00
# Visual Studio Version 17
VisualStudioVersion = 17.3.32929.385
MinimumVisualStudioVersion = 10.0.40219.1
Project("{FAE04EC0-301F-11D3-BF4B-00C04F79EFBC}") = "WebApplication1", "WebApplication1\WebApplication1.csproj", "{1380EF7A-6688-4D09-936A-00700B63E209}"
EndProject
Global
	GlobalSection(SolutionConfigurationPlatforms) = preSolution
		Debug|Any CPU = Debug|Any CPU
		Release|Any CPU = Release|Any CPU
	EndGlobalSection
	GlobalSection(ProjectConfigurationPlatforms) = postSolution
		{1380EF7A-6688-4D09-936A-00700B63E209}.Debug|Any CPU.ActiveCfg = Debug|Any CPU
		{1380EF7A-6688-4D09-936A-00700B63E209}.Debug|Any CPU.Build.0 = Debug|Any CPU
		{1380EF7A-6688-4D09-936A-00700B63E209}.Release|Any CPU.ActiveCfg = Release|Any CPU
		{1380EF7A-6688-4D09-936A-00700B63E209}.Release|Any CPU.Build.0 = Release|Any CPU
	EndGlobalSection
	GlobalSection(SolutionProperties) = preSolution
		HideSolutionNode = FALSE
	EndGlobalSection
	GlobalSection(ExtensibilityGlobals) = postSolution
		SolutionGuid = {F93B88B3-65B6-4AC2-A93B-FB28D4654DA7}
	EndGlobalSection
EndGlobal
